// !$*UTF8*$!
{
	archiveVersion = 1;
	classes = {
	};
	objectVersion = 56;
	objects = {

/* Begin PBXBuildFile section */
		4B3CA0CC2AC4A87600D155C0 /* ExpertsUIApp.swift in Sources */ = {isa = PBXBuildFile; fileRef = 4B3CA0CB2AC4A87600D155C0 /* ExpertsUIApp.swift */; };
		4B3CA0CE2AC4A87600D155C0 /* ContentView.swift in Sources */ = {isa = PBXBuildFile; fileRef = 4B3CA0CD2AC4A87600D155C0 /* ContentView.swift */; };
		4B3CA0D02AC4A87800D155C0 /* Assets.xcassets in Resources */ = {isa = PBXBuildFile; fileRef = 4B3CA0CF2AC4A87800D155C0 /* Assets.xcassets */; };
		4B3CA0D32AC4A87800D155C0 /* Preview Assets.xcassets in Resources */ = {isa = PBXBuildFile; fileRef = 4B3CA0D22AC4A87800D155C0 /* Preview Assets.xcassets */; };
		4B3CA0DF2AC4AE5A00D155C0 /* Color.swift in Sources */ = {isa = PBXBuildFile; fileRef = 4B3CA0DE2AC4AE5A00D155C0 /* Color.swift */; };
		4B3CA0E52AC4DF0F00D155C0 /* DaysView.swift in Sources */ = {isa = PBXBuildFile; fileRef = 4B3CA0E42AC4DF0F00D155C0 /* DaysView.swift */; };
		4B3CA0E82AC4E08000D155C0 /* CalendarItem.swift in Sources */ = {isa = PBXBuildFile; fileRef = 4B3CA0E72AC4E08000D155C0 /* CalendarItem.swift */; };
		4B3CA0EA2AC4E12200D155C0 /* Mentor.swift in Sources */ = {isa = PBXBuildFile; fileRef = 4B3CA0E92AC4E12200D155C0 /* Mentor.swift */; };
		4B3CA0EC2AC4E19400D155C0 /* Student.swift in Sources */ = {isa = PBXBuildFile; fileRef = 4B3CA0EB2AC4E19400D155C0 /* Student.swift */; };
		4B3CA0EE2AC4E42C00D155C0 /* DaysTitle.swift in Sources */ = {isa = PBXBuildFile; fileRef = 4B3CA0ED2AC4E42C00D155C0 /* DaysTitle.swift */; };
		4B3CA0F22AC4F13B00D155C0 /* DayDetailView.swift in Sources */ = {isa = PBXBuildFile; fileRef = 4B3CA0F12AC4F13B00D155C0 /* DayDetailView.swift */; };
		4B3CA0F42AC4F1F600D155C0 /* DaySchedule.swift in Sources */ = {isa = PBXBuildFile; fileRef = 4B3CA0F32AC4F1F600D155C0 /* DaySchedule.swift */; };
		4B3CA0F62AC4F26300D155C0 /* DayTime.swift in Sources */ = {isa = PBXBuildFile; fileRef = 4B3CA0F52AC4F26300D155C0 /* DayTime.swift */; };
		4B74B0CD2AC51BEF0026B5B8 /* MentorView.swift in Sources */ = {isa = PBXBuildFile; fileRef = 4B74B0CC2AC51BEF0026B5B8 /* MentorView.swift */; };
		4B74B0CF2AC524B70026B5B8 /* MentorStatsView.swift in Sources */ = {isa = PBXBuildFile; fileRef = 4B74B0CE2AC524B70026B5B8 /* MentorStatsView.swift */; };
		4B74B0D12AC527E40026B5B8 /* StatsView.swift in Sources */ = {isa = PBXBuildFile; fileRef = 4B74B0D02AC527E40026B5B8 /* StatsView.swift */; };
/* End PBXBuildFile section */

/* Begin PBXFileReference section */
		4B3CA0C82AC4A87600D155C0 /* ExpertsUI.app */ = {isa = PBXFileReference; explicitFileType = wrapper.application; includeInIndex = 0; path = ExpertsUI.app; sourceTree = BUILT_PRODUCTS_DIR; };
		4B3CA0CB2AC4A87600D155C0 /* ExpertsUIApp.swift */ = {isa = PBXFileReference; lastKnownFileType = sourcecode.swift; path = ExpertsUIApp.swift; sourceTree = "<group>"; };
		4B3CA0CD2AC4A87600D155C0 /* ContentView.swift */ = {isa = PBXFileReference; lastKnownFileType = sourcecode.swift; path = ContentView.swift; sourceTree = "<group>"; };
		4B3CA0CF2AC4A87800D155C0 /* Assets.xcassets */ = {isa = PBXFileReference; lastKnownFileType = folder.assetcatalog; path = Assets.xcassets; sourceTree = "<group>"; };
		4B3CA0D22AC4A87800D155C0 /* Preview Assets.xcassets */ = {isa = PBXFileReference; lastKnownFileType = folder.assetcatalog; path = "Preview Assets.xcassets"; sourceTree = "<group>"; };
		4B3CA0DE2AC4AE5A00D155C0 /* Color.swift */ = {isa = PBXFileReference; lastKnownFileType = sourcecode.swift; path = Color.swift; sourceTree = "<group>"; };
		4B3CA0E42AC4DF0F00D155C0 /* DaysView.swift */ = {isa = PBXFileReference; lastKnownFileType = sourcecode.swift; path = DaysView.swift; sourceTree = "<group>"; };
		4B3CA0E72AC4E08000D155C0 /* CalendarItem.swift */ = {isa = PBXFileReference; lastKnownFileType = sourcecode.swift; path = CalendarItem.swift; sourceTree = "<group>"; };
		4B3CA0E92AC4E12200D155C0 /* Mentor.swift */ = {isa = PBXFileReference; lastKnownFileType = sourcecode.swift; path = Mentor.swift; sourceTree = "<group>"; };
		4B3CA0EB2AC4E19400D155C0 /* Student.swift */ = {isa = PBXFileReference; lastKnownFileType = sourcecode.swift; path = Student.swift; sourceTree = "<group>"; };
		4B3CA0ED2AC4E42C00D155C0 /* DaysTitle.swift */ = {isa = PBXFileReference; lastKnownFileType = sourcecode.swift; path = DaysTitle.swift; sourceTree = "<group>"; };
		4B3CA0F12AC4F13B00D155C0 /* DayDetailView.swift */ = {isa = PBXFileReference; lastKnownFileType = sourcecode.swift; path = DayDetailView.swift; sourceTree = "<group>"; };
		4B3CA0F32AC4F1F600D155C0 /* DaySchedule.swift */ = {isa = PBXFileReference; lastKnownFileType = sourcecode.swift; path = DaySchedule.swift; sourceTree = "<group>"; };
		4B3CA0F52AC4F26300D155C0 /* DayTime.swift */ = {isa = PBXFileReference; lastKnownFileType = sourcecode.swift; path = DayTime.swift; sourceTree = "<group>"; };
		4B74B0CC2AC51BEF0026B5B8 /* MentorView.swift */ = {isa = PBXFileReference; lastKnownFileType = sourcecode.swift; path = MentorView.swift; sourceTree = "<group>"; };
		4B74B0CE2AC524B70026B5B8 /* MentorStatsView.swift */ = {isa = PBXFileReference; lastKnownFileType = sourcecode.swift; path = MentorStatsView.swift; sourceTree = "<group>"; };
		4B74B0D02AC527E40026B5B8 /* StatsView.swift */ = {isa = PBXFileReference; lastKnownFileType = sourcecode.swift; path = StatsView.swift; sourceTree = "<group>"; };
/* End PBXFileReference section */

/* Begin PBXFrameworksBuildPhase section */
		4B3CA0C52AC4A87600D155C0 /* Frameworks */ = {
			isa = PBXFrameworksBuildPhase;
			buildActionMask = 2147483647;
			files = (
			);
			runOnlyForDeploymentPostprocessing = 0;
		};
/* End PBXFrameworksBuildPhase section */

/* Begin PBXGroup section */
		4B3CA0BF2AC4A87600D155C0 = {
			isa = PBXGroup;
			children = (
				4B3CA0CA2AC4A87600D155C0 /* ExpertsUI */,
				4B3CA0C92AC4A87600D155C0 /* Products */,
			);
			sourceTree = "<group>";
		};
		4B3CA0C92AC4A87600D155C0 /* Products */ = {
			isa = PBXGroup;
			children = (
				4B3CA0C82AC4A87600D155C0 /* ExpertsUI.app */,
			);
			name = Products;
			sourceTree = "<group>";
		};
		4B3CA0CA2AC4A87600D155C0 /* ExpertsUI */ = {
			isa = PBXGroup;
			children = (
				4B3CA0D92AC4ACD500D155C0 /* App */,
				4B3CA0DA2AC4ACDE00D155C0 /* Core */,
				4B3CA0E62AC4E06E00D155C0 /* Model */,
				4B3CA0DB2AC4ACEC00D155C0 /* Extensions */,
				4B3CA0CF2AC4A87800D155C0 /* Assets.xcassets */,
				4B3CA0D12AC4A87800D155C0 /* Preview Content */,
			);
			path = ExpertsUI;
			sourceTree = "<group>";
		};
		4B3CA0D12AC4A87800D155C0 /* Preview Content */ = {
			isa = PBXGroup;
			children = (
				4B3CA0D22AC4A87800D155C0 /* Preview Assets.xcassets */,
			);
			path = "Preview Content";
			sourceTree = "<group>";
		};
		4B3CA0D92AC4ACD500D155C0 /* App */ = {
			isa = PBXGroup;
			children = (
				4B3CA0CB2AC4A87600D155C0 /* ExpertsUIApp.swift */,
			);
			path = App;
			sourceTree = "<group>";
		};
		4B3CA0DA2AC4ACDE00D155C0 /* Core */ = {
			isa = PBXGroup;
			children = (
				4B74B0CB2AC51BB30026B5B8 /* Components */,
				4B3CA0EF2AC4F0E700D155C0 /* DayDetail */,
				4B3CA0DC2AC4ACFA00D155C0 /* Calendar */,
			);
			path = Core;
			sourceTree = "<group>";
		};
		4B3CA0DB2AC4ACEC00D155C0 /* Extensions */ = {
			isa = PBXGroup;
			children = (
				4B3CA0DE2AC4AE5A00D155C0 /* Color.swift */,
			);
			path = Extensions;
			sourceTree = "<group>";
		};
		4B3CA0DC2AC4ACFA00D155C0 /* Calendar */ = {
			isa = PBXGroup;
			children = (
				4B3CA0E22AC4DEDC00D155C0 /* Components */,
				4B3CA0E32AC4DEEE00D155C0 /* View */,
			);
			path = Calendar;
			sourceTree = "<group>";
		};
		4B3CA0E22AC4DEDC00D155C0 /* Components */ = {
			isa = PBXGroup;
			children = (
				4B3CA0E42AC4DF0F00D155C0 /* DaysView.swift */,
				4B3CA0ED2AC4E42C00D155C0 /* DaysTitle.swift */,
			);
			path = Components;
			sourceTree = "<group>";
		};
		4B3CA0E32AC4DEEE00D155C0 /* View */ = {
			isa = PBXGroup;
			children = (
				4B3CA0CD2AC4A87600D155C0 /* ContentView.swift */,
			);
			path = View;
			sourceTree = "<group>";
		};
		4B3CA0E62AC4E06E00D155C0 /* Model */ = {
			isa = PBXGroup;
			children = (
				4B3CA0E72AC4E08000D155C0 /* CalendarItem.swift */,
				4B3CA0E92AC4E12200D155C0 /* Mentor.swift */,
				4B3CA0EB2AC4E19400D155C0 /* Student.swift */,
				4B3CA0F32AC4F1F600D155C0 /* DaySchedule.swift */,
				4B3CA0F52AC4F26300D155C0 /* DayTime.swift */,
			);
			path = Model;
			sourceTree = "<group>";
		};
		4B3CA0EF2AC4F0E700D155C0 /* DayDetail */ = {
			isa = PBXGroup;
			children = (
				4B3CA0F02AC4F12000D155C0 /* View */,
			);
			path = DayDetail;
			sourceTree = "<group>";
		};
		4B3CA0F02AC4F12000D155C0 /* View */ = {
			isa = PBXGroup;
			children = (
				4B3CA0F12AC4F13B00D155C0 /* DayDetailView.swift */,
			);
			path = View;
			sourceTree = "<group>";
		};
		4B74B0CB2AC51BB30026B5B8 /* Components */ = {
			isa = PBXGroup;
			children = (
				4B74B0CC2AC51BEF0026B5B8 /* MentorView.swift */,
				4B74B0CE2AC524B70026B5B8 /* MentorStatsView.swift */,
				4B74B0D02AC527E40026B5B8 /* StatsView.swift */,
			);
			path = Components;
			sourceTree = "<group>";
		};
/* End PBXGroup section */

/* Begin PBXNativeTarget section */
		4B3CA0C72AC4A87600D155C0 /* ExpertsUI */ = {
			isa = PBXNativeTarget;
			buildConfigurationList = 4B3CA0D62AC4A87800D155C0 /* Build configuration list for PBXNativeTarget "ExpertsUI" */;
			buildPhases = (
				4B3CA0C42AC4A87600D155C0 /* Sources */,
				4B3CA0C52AC4A87600D155C0 /* Frameworks */,
				4B3CA0C62AC4A87600D155C0 /* Resources */,
			);
			buildRules = (
			);
			dependencies = (
			);
			name = ExpertsUI;
			productName = ExpertsUI;
			productReference = 4B3CA0C82AC4A87600D155C0 /* ExpertsUI.app */;
			productType = "com.apple.product-type.application";
		};
/* End PBXNativeTarget section */

/* Begin PBXProject section */
		4B3CA0C02AC4A87600D155C0 /* Project object */ = {
			isa = PBXProject;
			attributes = {
				BuildIndependentTargetsInParallel = 1;
				LastSwiftUpdateCheck = 1430;
				LastUpgradeCheck = 1430;
				TargetAttributes = {
					4B3CA0C72AC4A87600D155C0 = {
						CreatedOnToolsVersion = 14.3.1;
					};
				};
			};
			buildConfigurationList = 4B3CA0C32AC4A87600D155C0 /* Build configuration list for PBXProject "ExpertsUI" */;
			compatibilityVersion = "Xcode 14.0";
			developmentRegion = en;
			hasScannedForEncodings = 0;
			knownRegions = (
				en,
				Base,
			);
			mainGroup = 4B3CA0BF2AC4A87600D155C0;
			productRefGroup = 4B3CA0C92AC4A87600D155C0 /* Products */;
			projectDirPath = "";
			projectRoot = "";
			targets = (
				4B3CA0C72AC4A87600D155C0 /* ExpertsUI */,
			);
		};
/* End PBXProject section */

/* Begin PBXResourcesBuildPhase section */
		4B3CA0C62AC4A87600D155C0 /* Resources */ = {
			isa = PBXResourcesBuildPhase;
			buildActionMask = 2147483647;
			files = (
				4B3CA0D32AC4A87800D155C0 /* Preview Assets.xcassets in Resources */,
				4B3CA0D02AC4A87800D155C0 /* Assets.xcassets in Resources */,
			);
			runOnlyForDeploymentPostprocessing = 0;
		};
/* End PBXResourcesBuildPhase section */

/* Begin PBXSourcesBuildPhase section */
		4B3CA0C42AC4A87600D155C0 /* Sources */ = {
			isa = PBXSourcesBuildPhase;
			buildActionMask = 2147483647;
			files = (
				4B3CA0F22AC4F13B00D155C0 /* DayDetailView.swift in Sources */,
				4B3CA0CE2AC4A87600D155C0 /* ContentView.swift in Sources */,
				4B3CA0F62AC4F26300D155C0 /* DayTime.swift in Sources */,
				4B74B0CD2AC51BEF0026B5B8 /* MentorView.swift in Sources */,
				4B74B0CF2AC524B70026B5B8 /* MentorStatsView.swift in Sources */,
				4B3CA0EE2AC4E42C00D155C0 /* DaysTitle.swift in Sources */,
				4B3CA0EA2AC4E12200D155C0 /* Mentor.swift in Sources */,
				4B3CA0E52AC4DF0F00D155C0 /* DaysView.swift in Sources */,
				4B3CA0F42AC4F1F600D155C0 /* DaySchedule.swift in Sources */,
				4B3CA0CC2AC4A87600D155C0 /* ExpertsUIApp.swift in Sources */,
				4B3CA0DF2AC4AE5A00D155C0 /* Color.swift in Sources */,
				4B3CA0EC2AC4E19400D155C0 /* Student.swift in Sources */,
				4B74B0D12AC527E40026B5B8 /* StatsView.swift in Sources */,
				4B3CA0E82AC4E08000D155C0 /* CalendarItem.swift in Sources */,
			);
			runOnlyForDeploymentPostprocessing = 0;
		};
/* End PBXSourcesBuildPhase section */

/* Begin XCBuildConfiguration section */
		4B3CA0D42AC4A87800D155C0 /* Debug */ = {
			isa = XCBuildConfiguration;
			buildSettings = {
				ALWAYS_SEARCH_USER_PATHS = NO;
				CLANG_ANALYZER_NONNULL = YES;
				CLANG_ANALYZER_NUMBER_OBJECT_CONVERSION = YES_AGGRESSIVE;
				CLANG_CXX_LANGUAGE_STANDARD = "gnu++20";
				CLANG_ENABLE_MODULES = YES;
				CLANG_ENABLE_OBJC_ARC = YES;
				CLANG_ENABLE_OBJC_WEAK = YES;
				CLANG_WARN_BLOCK_CAPTURE_AUTORELEASING = YES;
				CLANG_WARN_BOOL_CONVERSION = YES;
				CLANG_WARN_COMMA = YES;
				CLANG_WARN_CONSTANT_CONVERSION = YES;
				CLANG_WARN_DEPRECATED_OBJC_IMPLEMENTATIONS = YES;
				CLANG_WARN_DIRECT_OBJC_ISA_USAGE = YES_ERROR;
				CLANG_WARN_DOCUMENTATION_COMMENTS = YES;
				CLANG_WARN_EMPTY_BODY = YES;
				CLANG_WARN_ENUM_CONVERSION = YES;
				CLANG_WARN_INFINITE_RECURSION = YES;
				CLANG_WARN_INT_CONVERSION = YES;
				CLANG_WARN_NON_LITERAL_NULL_CONVERSION = YES;
				CLANG_WARN_OBJC_IMPLICIT_RETAIN_SELF = YES;
				CLANG_WARN_OBJC_LITERAL_CONVERSION = YES;
				CLANG_WARN_OBJC_ROOT_CLASS = YES_ERROR;
				CLANG_WARN_QUOTED_INCLUDE_IN_FRAMEWORK_HEADER = YES;
				CLANG_WARN_RANGE_LOOP_ANALYSIS = YES;
				CLANG_WARN_STRICT_PROTOTYPES = YES;
				CLANG_WARN_SUSPICIOUS_MOVE = YES;
				CLANG_WARN_UNGUARDED_AVAILABILITY = YES_AGGRESSIVE;
				CLANG_WARN_UNREACHABLE_CODE = YES;
				CLANG_WARN__DUPLICATE_METHOD_MATCH = YES;
				COPY_PHASE_STRIP = NO;
				DEBUG_INFORMATION_FORMAT = dwarf;
				ENABLE_STRICT_OBJC_MSGSEND = YES;
				ENABLE_TESTABILITY = YES;
				GCC_C_LANGUAGE_STANDARD = gnu11;
				GCC_DYNAMIC_NO_PIC = NO;
				GCC_NO_COMMON_BLOCKS = YES;
				GCC_OPTIMIZATION_LEVEL = 0;
				GCC_PREPROCESSOR_DEFINITIONS = (
					"DEBUG=1",
					"$(inherited)",
				);
				GCC_WARN_64_TO_32_BIT_CONVERSION = YES;
				GCC_WARN_ABOUT_RETURN_TYPE = YES_ERROR;
				GCC_WARN_UNDECLARED_SELECTOR = YES;
				GCC_WARN_UNINITIALIZED_AUTOS = YES_AGGRESSIVE;
				GCC_WARN_UNUSED_FUNCTION = YES;
				GCC_WARN_UNUSED_VARIABLE = YES;
				IPHONEOS_DEPLOYMENT_TARGET = 16.4;
				MTL_ENABLE_DEBUG_INFO = INCLUDE_SOURCE;
				MTL_FAST_MATH = YES;
				ONLY_ACTIVE_ARCH = YES;
				SDKROOT = iphoneos;
				SWIFT_ACTIVE_COMPILATION_CONDITIONS = DEBUG;
				SWIFT_OPTIMIZATION_LEVEL = "-Onone";
			};
			name = Debug;
		};
		4B3CA0D52AC4A87800D155C0 /* Release */ = {
			isa = XCBuildConfiguration;
			buildSettings = {
				ALWAYS_SEARCH_USER_PATHS = NO;
				CLANG_ANALYZER_NONNULL = YES;
				CLANG_ANALYZER_NUMBER_OBJECT_CONVERSION = YES_AGGRESSIVE;
				CLANG_CXX_LANGUAGE_STANDARD = "gnu++20";
				CLANG_ENABLE_MODULES = YES;
				CLANG_ENABLE_OBJC_ARC = YES;
				CLANG_ENABLE_OBJC_WEAK = YES;
				CLANG_WARN_BLOCK_CAPTURE_AUTORELEASING = YES;
				CLANG_WARN_BOOL_CONVERSION = YES;
				CLANG_WARN_COMMA = YES;
				CLANG_WARN_CONSTANT_CONVERSION = YES;
				CLANG_WARN_DEPRECATED_OBJC_IMPLEMENTATIONS = YES;
				CLANG_WARN_DIRECT_OBJC_ISA_USAGE = YES_ERROR;
				CLANG_WARN_DOCUMENTATION_COMMENTS = YES;
				CLANG_WARN_EMPTY_BODY = YES;
				CLANG_WARN_ENUM_CONVERSION = YES;
				CLANG_WARN_INFINITE_RECURSION = YES;
				CLANG_WARN_INT_CONVERSION = YES;
				CLANG_WARN_NON_LITERAL_NULL_CONVERSION = YES;
				CLANG_WARN_OBJC_IMPLICIT_RETAIN_SELF = YES;
				CLANG_WARN_OBJC_LITERAL_CONVERSION = YES;
				CLANG_WARN_OBJC_ROOT_CLASS = YES_ERROR;
				CLANG_WARN_QUOTED_INCLUDE_IN_FRAMEWORK_HEADER = YES;
				CLANG_WARN_RANGE_LOOP_ANALYSIS = YES;
				CLANG_WARN_STRICT_PROTOTYPES = YES;
				CLANG_WARN_SUSPICIOUS_MOVE = YES;
				CLANG_WARN_UNGUARDED_AVAILABILITY = YES_AGGRESSIVE;
				CLANG_WARN_UNREACHABLE_CODE = YES;
				CLANG_WARN__DUPLICATE_METHOD_MATCH = YES;
				COPY_PHASE_STRIP = NO;
				DEBUG_INFORMATION_FORMAT = "dwarf-with-dsym";
				ENABLE_NS_ASSERTIONS = NO;
				ENABLE_STRICT_OBJC_MSGSEND = YES;
				GCC_C_LANGUAGE_STANDARD = gnu11;
				GCC_NO_COMMON_BLOCKS = YES;
				GCC_WARN_64_TO_32_BIT_CONVERSION = YES;
				GCC_WARN_ABOUT_RETURN_TYPE = YES_ERROR;
				GCC_WARN_UNDECLARED_SELECTOR = YES;
				GCC_WARN_UNINITIALIZED_AUTOS = YES_AGGRESSIVE;
				GCC_WARN_UNUSED_FUNCTION = YES;
				GCC_WARN_UNUSED_VARIABLE = YES;
				IPHONEOS_DEPLOYMENT_TARGET = 16.4;
				MTL_ENABLE_DEBUG_INFO = NO;
				MTL_FAST_MATH = YES;
				SDKROOT = iphoneos;
				SWIFT_COMPILATION_MODE = wholemodule;
				SWIFT_OPTIMIZATION_LEVEL = "-O";
				VALIDATE_PRODUCT = YES;
			};
			name = Release;
		};
		4B3CA0D72AC4A87800D155C0 /* Debug */ = {
			isa = XCBuildConfiguration;
			buildSettings = {
				ASSETCATALOG_COMPILER_APPICON_NAME = AppIcon;
				ASSETCATALOG_COMPILER_GLOBAL_ACCENT_COLOR_NAME = AccentColor;
				CODE_SIGN_STYLE = Automatic;
				CURRENT_PROJECT_VERSION = 1;
				DEVELOPMENT_ASSET_PATHS = "\"ExpertsUI/Preview Content\"";
				DEVELOPMENT_TEAM = 3RQAYNAD56;
				ENABLE_PREVIEWS = YES;
				GENERATE_INFOPLIST_FILE = YES;
				INFOPLIST_KEY_UIApplicationSceneManifest_Generation = YES;
				INFOPLIST_KEY_UIApplicationSupportsIndirectInputEvents = YES;
				INFOPLIST_KEY_UILaunchScreen_Generation = YES;
				INFOPLIST_KEY_UISupportedInterfaceOrientations_iPad = "UIInterfaceOrientationPortrait UIInterfaceOrientationPortraitUpsideDown UIInterfaceOrientationLandscapeLeft UIInterfaceOrientationLandscapeRight";
				INFOPLIST_KEY_UISupportedInterfaceOrientations_iPhone = "UIInterfaceOrientationPortrait UIInterfaceOrientationLandscapeLeft UIInterfaceOrientationLandscapeRight";
				LD_RUNPATH_SEARCH_PATHS = (
					"$(inherited)",
					"@executable_path/Frameworks",
				);
				MARKETING_VERSION = 1.0;
				PRODUCT_BUNDLE_IDENTIFIER = com.bsc.ExpertsUI;
				PRODUCT_NAME = "$(TARGET_NAME)";
				SWIFT_EMIT_LOC_STRINGS = YES;
				SWIFT_VERSION = 5.0;
				TARGETED_DEVICE_FAMILY = "1,2";
			};
			name = Debug;
		};
		4B3CA0D82AC4A87800D155C0 /* Release */ = {
			isa = XCBuildConfiguration;
			buildSettings = {
				ASSETCATALOG_COMPILER_APPICON_NAME = AppIcon;
				ASSETCATALOG_COMPILER_GLOBAL_ACCENT_COLOR_NAME = AccentColor;
				CODE_SIGN_STYLE = Automatic;
				CURRENT_PROJECT_VERSION = 1;
				DEVELOPMENT_ASSET_PATHS = "\"ExpertsUI/Preview Content\"";
				DEVELOPMENT_TEAM = 3RQAYNAD56;
				ENABLE_PREVIEWS = YES;
				GENERATE_INFOPLIST_FILE = YES;
				INFOPLIST_KEY_UIApplicationSceneManifest_Generation = YES;
				INFOPLIST_KEY_UIApplicationSupportsIndirectInputEvents = YES;
				INFOPLIST_KEY_UILaunchScreen_Generation = YES;
				INFOPLIST_KEY_UISupportedInterfaceOrientations_iPad = "UIInterfaceOrientationPortrait UIInterfaceOrientationPortraitUpsideDown UIInterfaceOrientationLandscapeLeft UIInterfaceOrientationLandscapeRight";
				INFOPLIST_KEY_UISupportedInterfaceOrientations_iPhone = "UIInterfaceOrientationPortrait UIInterfaceOrientationLandscapeLeft UIInterfaceOrientationLandscapeRight";
				LD_RUNPATH_SEARCH_PATHS = (
					"$(inherited)",
					"@executable_path/Frameworks",
				);
				MARKETING_VERSION = 1.0;
				PRODUCT_BUNDLE_IDENTIFIER = com.bsc.ExpertsUI;
				PRODUCT_NAME = "$(TARGET_NAME)";
				SWIFT_EMIT_LOC_STRINGS = YES;
				SWIFT_VERSION = 5.0;
				TARGETED_DEVICE_FAMILY = "1,2";
			};
			name = Release;
		};
/* End XCBuildConfiguration section */

/* Begin XCConfigurationList section */
		4B3CA0C32AC4A87600D155C0 /* Build configuration list for PBXProject "ExpertsUI" */ = {
			isa = XCConfigurationList;
			buildConfigurations = (
				4B3CA0D42AC4A87800D155C0 /* Debug */,
				4B3CA0D52AC4A87800D155C0 /* Release */,
			);
			defaultConfigurationIsVisible = 0;
			defaultConfigurationName = Release;
		};
		4B3CA0D62AC4A87800D155C0 /* Build configuration list for PBXNativeTarget "ExpertsUI" */ = {
			isa = XCConfigurationList;
			buildConfigurations = (
				4B3CA0D72AC4A87800D155C0 /* Debug */,
				4B3CA0D82AC4A87800D155C0 /* Release */,
			);
			defaultConfigurationIsVisible = 0;
			defaultConfigurationName = Release;
		};
/* End XCConfigurationList section */
	};
	rootObject = 4B3CA0C02AC4A87600D155C0 /* Project object */;
}
